
Microsoft Visual Studio Solution File, Format Version 12.00
# Visual Studio Version 16
VisualStudioVersion = 16.0.30309.148
MinimumVisualStudioVersion = 10.0.40219.1
Project("{9A19103F-16F7-4668-BE54-9A1E7A4F7556}") = "Client", "Client\Client\Client.csproj", "{4E3D8A4E-1CAE-478E-AA3C-33798CECA467}"
EndProject
Project("{9A19103F-16F7-4668-BE54-9A1E7A4F7556}") = "ClientGUI", "ClientGUI\ClientGUI\ClientGUI.csproj", "{A57A283E-2F02-4BEC-8931-4E2F938068F2}"
EndProject
Project("{9A19103F-16F7-4668-BE54-9A1E7A4F7556}") = "Server", "Server\Server\Server.csproj", "{6FE55DBC-C451-46AE-A22B-F46832A789E0}"
EndProject
Global
	GlobalSection(SolutionConfigurationPlatforms) = preSolution
		Debug|Any CPU = Debug|Any CPU
		Release|Any CPU = Release|Any CPU
	EndGlobalSection
	GlobalSection(ProjectConfigurationPlatforms) = postSolution
		{4E3D8A4E-1CAE-478E-AA3C-33798CECA467}.Debug|Any CPU.ActiveCfg = Debug|Any CPU
		{4E3D8A4E-1CAE-478E-AA3C-33798CECA467}.Debug|Any CPU.Build.0 = Debug|Any CPU
		{4E3D8A4E-1CAE-478E-AA3C-33798CECA467}.Release|Any CPU.ActiveCfg = Release|Any CPU
		{4E3D8A4E-1CAE-478E-AA3C-33798CECA467}.Release|Any CPU.Build.0 = Release|Any CPU
		{A57A283E-2F02-4BEC-8931-4E2F938068F2}.Debug|Any CPU.ActiveCfg = Debug|Any CPU
		{A57A283E-2F02-4BEC-8931-4E2F938068F2}.Debug|Any CPU.Build.0 = Debug|Any CPU
		{A57A283E-2F02-4BEC-8931-4E2F938068F2}.Release|Any CPU.ActiveCfg = Release|Any CPU
		{A57A283E-2F02-4BEC-8931-4E2F938068F2}.Release|Any CPU.Build.0 = Release|Any CPU
		{6FE55DBC-C451-46AE-A22B-F46832A789E0}.Debug|Any CPU.ActiveCfg = Debug|Any CPU
		{6FE55DBC-C451-46AE-A22B-F46832A789E0}.Debug|Any CPU.Build.0 = Debug|Any CPU
		{6FE55DBC-C451-46AE-A22B-F46832A789E0}.Release|Any CPU.ActiveCfg = Release|Any CPU
		{6FE55DBC-C451-46AE-A22B-F46832A789E0}.Release|Any CPU.Build.0 = Release|Any CPU
	EndGlobalSection
	GlobalSection(SolutionProperties) = preSolution
		HideSolutionNode = FALSE
	EndGlobalSection
	GlobalSection(ExtensibilityGlobals) = postSolution
		SolutionGuid = {3ADE2EA3-188B-49B1-B983-40747FCDC92D}
	EndGlobalSection
EndGlobal
